
Microsoft Visual Studio Solution File, Format Version 12.00
# Visual Studio Version 17
VisualStudioVersion = 17.2.32602.215
MinimumVisualStudioVersion = 10.0.40219.1
Project("{9A19103F-16F7-4668-BE54-9A1E7A4F7556}") = "CommunityUtils", "CommunityUtils.csproj", "{FE30E602-47D7-4326-BC88-5FDB502F15A1}"
EndProject
Global
	GlobalSection(SolutionConfigurationPlatforms) = preSolution
		Debug|x64 = Debug|x64
		Release|x64 = Release|x64
	EndGlobalSection
	GlobalSection(ProjectConfigurationPlatforms) = postSolution
		{FE30E602-47D7-4326-BC88-5FDB502F15A1}.Debug|x64.ActiveCfg = Debug|x64
		{FE30E602-47D7-4326-BC88-5FDB502F15A1}.Debug|x64.Build.0 = Debug|x64
		{FE30E602-47D7-4326-BC88-5FDB502F15A1}.Release|x64.ActiveCfg = Release|x64
		{FE30E602-47D7-4326-BC88-5FDB502F15A1}.Release|x64.Build.0 = Release|x64
	EndGlobalSection
	GlobalSection(SolutionProperties) = preSolution
		HideSolutionNode = FALSE
	EndGlobalSection
	GlobalSection(ExtensibilityGlobals) = postSolution
		SolutionGuid = {1D91E432-13E7-43F7-9B80-32F93B21EADC}
	EndGlobalSection
EndGlobal
